{
  "name": "simple-icons-latex",
  "version": "16.17.0",
  "lockfileVersion": 3,
  "requires": true,
  "packages": {
    "": {
      "name": "simple-icons-latex",
      "version": "16.17.0",
      "license": "CC0-1.0",
      "dependencies": {
        "opentype.js": "^2.0.0",
        "simple-icons-font": "16.17.0"
      }
    },
    "node_modules/opentype.js": {
      "version": "2.0.0",
      "resolved": "https://registry.npmjs.org/opentype.js/-/opentype.js-2.0.0.tgz",
      "integrity": "sha512-kCyjv6xdDY1W/jLWZ/L3QhhTlKUqDZMQ5+Jdlw12b3dXkKNpYBqqlMMj0YDQPShWFTMwgZI1hG14kN3XUDSg/A==",
      "license": "MIT",
      "bin": {
        "ot": "bin/ot"
      }
    },
    "node_modules/simple-icons-font": {
      "version": "16.17.0",
      "resolved": "https://registry.npmjs.org/simple-icons-font/-/simple-icons-font-16.17.0.tgz",
      "integrity": "sha512-TO7kiah3s9tu1IFc5YjryvjH0izpBM26HHdlhnxxssAdijdwseRzxY60tfQ6M08HXr19w8gruLA/VQL5KZKAGA==",
      "license": "CC0-1.0",
      "funding": {
        "type": "opencollective",
        "url": "https://opencollective.com/simple-icons"
      }
    }
  }
}
